{
  "version": 4,
  "terraform_version": "1.0.10",
  "serial": 24,
  "lineage": "6c3219b3-1c88-d945-3e6e-9093271a2808",
  "outputs": {},
  "resources": [
    {
      "mode": "managed",
      "type": "azurerm_app_service",
      "name": "example",
      "provider": "provider[\"registry.terraform.io/hashicorp/azurerm\"]",
      "instances": [
        {
          "schema_version": 0,
          "attributes": {
            "app_service_plan_id": "/subscriptions/73e77275-cd35-410e-9826-1cac36384eea/resourceGroups/tmp-spring-petclinic/providers/Microsoft.Web/serverfarms/tmp-ly-plan",
            "app_settings": {
              "SPRING_DATASOURCE_PASSWORD": "H@Sh1CoR3!",
              "SPRING_DATASOURCE_URL": "jdbc:mysql://tmp-ly-spring-petclinic.mysql.database.azure.com:3306/petclinic?useUnicode=true\u0026characterEncoding=utf8\u0026useSSL=true\u0026useLegacyDatetime=false\u0026serverTimezone=UTC",
              "SPRING_DATASOURCE_USERNAME": "mysqladminun@tmp-ly-spring-petclinic",
              "SPRING_PROFILES_ACTIVE": "mysql"
            },
            "auth_settings": [
              {
                "active_directory": [],
                "additional_login_params": {},
                "allowed_external_redirect_urls": [],
                "default_provider": "",
                "enabled": false,
                "facebook": [],
                "google": [],
                "issuer": "",
                "microsoft": [],
                "runtime_version": "",
                "token_refresh_extension_hours": 0,
                "token_store_enabled": false,
                "twitter": [],
                "unauthenticated_client_action": ""
              }
            ],
            "backup": [],
            "client_affinity_enabled": false,
            "client_cert_enabled": false,
            "connection_string": [],
            "default_site_hostname": "tmp-ly-petclinic.azurewebsites.net",
            "enabled": true,
            "https_only": true,
            "id": "/subscriptions/73e77275-cd35-410e-9826-1cac36384eea/resourceGroups/tmp-spring-petclinic/providers/Microsoft.Web/sites/tmp-ly-petclinic",
            "identity": [],
            "location": "eastus",
            "logs": [
              {
                "application_logs": [
                  {
                    "azure_blob_storage": []
                  }
                ],
                "http_logs": [
                  {
                    "azure_blob_storage": [],
                    "file_system": []
                  }
                ]
              }
            ],
            "name": "tmp-ly-petclinic",
            "outbound_ip_addresses": "40.88.226.82,40.88.226.99,40.88.226.132,40.88.226.159,40.88.226.171,40.88.227.39,20.49.104.37",
            "possible_outbound_ip_addresses": "40.88.225.216,40.88.225.226,40.88.225.243,40.88.225.245,40.88.226.10,40.88.226.67,40.88.226.82,40.88.226.99,40.88.226.132,40.88.226.159,40.88.226.171,40.88.227.39,40.88.227.123,40.88.228.125,40.88.229.62,40.88.229.108,40.88.229.181,40.88.229.194,20.62.243.159,20.62.244.109,20.62.244.175,20.62.243.168,20.62.245.75,20.62.245.236,20.49.104.37",
            "resource_group_name": "tmp-spring-petclinic",
            "site_config": [
              {
                "always_on": false,
                "app_command_line": "",
                "auto_swap_slot_name": "",
                "cors": [
                  {
                    "allowed_origins": [],
                    "support_credentials": false
                  }
                ],
                "default_documents": null,
                "dotnet_framework_version": "v4.0",
                "ftps_state": "AllAllowed",
                "health_check_path": "",
                "http2_enabled": false,
                "ip_restriction": [],
                "java_container": "",
                "java_container_version": "",
                "java_version": "",
                "linux_fx_version": "JAVA|11-java11",
                "local_mysql_enabled": false,
                "managed_pipeline_mode": "Integrated",
                "min_tls_version": "1.2",
                "php_version": "",
                "python_version": "",
                "remote_debugging_enabled": false,
                "remote_debugging_version": "VS2019",
                "scm_ip_restriction": [],
                "scm_type": "None",
                "scm_use_main_ip_restriction": false,
                "use_32_bit_worker_process": false,
                "websockets_enabled": false,
                "windows_fx_version": ""
              }
            ],
            "site_credential": [
              {
                "password": "bAJbZCpWKMdsEvwgy6SeoG25f7g9Deb3nnGfqNkpbkcN8eqwJtFfsJ6AEs6d",
                "username": "$tmp-ly-petclinic"
              }
            ],
            "source_control": [
              {
                "branch": "master",
                "repo_url": ""
              }
            ],
            "storage_account": [],
            "tags": null,
            "timeouts": null
          },
          "sensitive_attributes": [
            [
              {
                "type": "get_attr",
                "value": "app_settings"
              },
              {
                "type": "index",
                "value": {
                  "value": "SPRING_DATASOURCE_PASSWORD",
                  "type": "string"
                }
              }
            ]
          ],
          "private": "eyJlMmJmYjczMC1lY2FhLTExZTYtOGY4OC0zNDM2M2JjN2M0YzAiOnsiY3JlYXRlIjoxODAwMDAwMDAwMDAwLCJkZWxldGUiOjE4MDAwMDAwMDAwMDAsInJlYWQiOjMwMDAwMDAwMDAwMCwidXBkYXRlIjoxODAwMDAwMDAwMDAwfX0=",
          "dependencies": [
            "azurerm_app_service_plan.example",
            "azurerm_mysql_database.example",
            "azurerm_mysql_server.example",
            "azurerm_resource_group.example"
          ]
        }
      ]
    },
    {
      "mode": "managed",
      "type": "azurerm_app_service_plan",
      "name": "example",
      "provider": "provider[\"registry.terraform.io/hashicorp/azurerm\"]",
      "instances": [
        {
          "schema_version": 0,
          "attributes": {
            "app_service_environment_id": "",
            "id": "/subscriptions/73e77275-cd35-410e-9826-1cac36384eea/resourceGroups/tmp-spring-petclinic/providers/Microsoft.Web/serverfarms/tmp-ly-plan",
            "is_xenon": false,
            "kind": "linux",
            "location": "eastus",
            "maximum_elastic_worker_count": 1,
            "maximum_number_of_workers": 30,
            "name": "tmp-ly-plan",
            "per_site_scaling": false,
            "reserved": true,
            "resource_group_name": "tmp-spring-petclinic",
            "sku": [
              {
                "capacity": 1,
                "size": "P1v2",
                "tier": "PremiumV2"
              }
            ],
            "tags": null,
            "timeouts": null
          },
          "sensitive_attributes": [],
          "private": "eyJlMmJmYjczMC1lY2FhLTExZTYtOGY4OC0zNDM2M2JjN2M0YzAiOnsiY3JlYXRlIjozNjAwMDAwMDAwMDAwLCJkZWxldGUiOjM2MDAwMDAwMDAwMDAsInJlYWQiOjMwMDAwMDAwMDAwMCwidXBkYXRlIjozNjAwMDAwMDAwMDAwfX0=",
          "dependencies": [
            "azurerm_resource_group.example"
          ]
        }
      ]
    },
    {
      "mode": "managed",
      "type": "azurerm_mysql_database",
      "name": "example",
      "provider": "provider[\"registry.terraform.io/hashicorp/azurerm\"]",
      "instances": [
        {
          "schema_version": 0,
          "attributes": {
            "charset": "utf8",
            "collation": "utf8_unicode_ci",
            "id": "/subscriptions/73e77275-cd35-410e-9826-1cac36384eea/resourceGroups/tmp-spring-petclinic/providers/Microsoft.DBforMySQL/servers/tmp-ly-spring-petclinic/databases/petclinic",
            "name": "petclinic",
            "resource_group_name": "tmp-spring-petclinic",
            "server_name": "tmp-ly-spring-petclinic",
            "timeouts": null
          },
          "sensitive_attributes": [],
          "private": "eyJlMmJmYjczMC1lY2FhLTExZTYtOGY4OC0zNDM2M2JjN2M0YzAiOnsiY3JlYXRlIjozNjAwMDAwMDAwMDAwLCJkZWxldGUiOjM2MDAwMDAwMDAwMDAsInJlYWQiOjMwMDAwMDAwMDAwMCwidXBkYXRlIjozNjAwMDAwMDAwMDAwfX0=",
          "dependencies": [
            "azurerm_mysql_server.example",
            "azurerm_resource_group.example"
          ]
        }
      ]
    },
    {
      "mode": "managed",
      "type": "azurerm_mysql_firewall_rule",
      "name": "example",
      "provider": "provider[\"registry.terraform.io/hashicorp/azurerm\"]",
      "instances": [
        {
          "schema_version": 0,
          "attributes": {
            "end_ip_address": "0.0.0.0",
            "id": "/subscriptions/73e77275-cd35-410e-9826-1cac36384eea/resourceGroups/tmp-spring-petclinic/providers/Microsoft.DBforMySQL/servers/tmp-ly-spring-petclinic/firewallRules/office",
            "name": "office",
            "resource_group_name": "tmp-spring-petclinic",
            "server_name": "tmp-ly-spring-petclinic",
            "start_ip_address": "0.0.0.0",
            "timeouts": null
          },
          "sensitive_attributes": [],
          "private": "eyJlMmJmYjczMC1lY2FhLTExZTYtOGY4OC0zNDM2M2JjN2M0YzAiOnsiY3JlYXRlIjoxODAwMDAwMDAwMDAwLCJkZWxldGUiOjE4MDAwMDAwMDAwMDAsInJlYWQiOjMwMDAwMDAwMDAwMCwidXBkYXRlIjoxODAwMDAwMDAwMDAwfX0=",
          "dependencies": [
            "azurerm_mysql_server.example",
            "azurerm_resource_group.example"
          ]
        }
      ]
    },
    {
      "mode": "managed",
      "type": "azurerm_mysql_server",
      "name": "example",
      "provider": "provider[\"registry.terraform.io/hashicorp/azurerm\"]",
      "instances": [
        {
          "schema_version": 0,
          "attributes": {
            "administrator_login": "mysqladminun",
            "administrator_login_password": "H@Sh1CoR3!",
            "auto_grow_enabled": false,
            "backup_retention_days": 7,
            "create_mode": "Default",
            "creation_source_server_id": null,
            "fqdn": "tmp-ly-spring-petclinic.mysql.database.azure.com",
            "geo_redundant_backup_enabled": false,
            "id": "/subscriptions/73e77275-cd35-410e-9826-1cac36384eea/resourceGroups/tmp-spring-petclinic/providers/Microsoft.DBforMySQL/servers/tmp-ly-spring-petclinic",
            "infrastructure_encryption_enabled": false,
            "location": "eastus",
            "name": "tmp-ly-spring-petclinic",
            "public_network_access_enabled": true,
            "resource_group_name": "tmp-spring-petclinic",
            "restore_point_in_time": null,
            "sku_name": "B_Gen5_1",
            "ssl_enforcement": "Enabled",
            "ssl_enforcement_enabled": true,
            "ssl_minimal_tls_version_enforced": "TLS1_2",
            "storage_mb": 5120,
            "storage_profile": [
              {
                "auto_grow": "Disabled",
                "backup_retention_days": 7,
                "geo_redundant_backup": "Disabled",
                "storage_mb": 5120
              }
            ],
            "tags": null,
            "threat_detection_policy": [],
            "timeouts": null,
            "version": "5.7"
          },
          "sensitive_attributes": [],
          "private": "eyJlMmJmYjczMC1lY2FhLTExZTYtOGY4OC0zNDM2M2JjN2M0YzAiOnsiY3JlYXRlIjozNjAwMDAwMDAwMDAwLCJkZWxldGUiOjM2MDAwMDAwMDAwMDAsInJlYWQiOjMwMDAwMDAwMDAwMCwidXBkYXRlIjozNjAwMDAwMDAwMDAwfX0=",
          "dependencies": [
            "azurerm_resource_group.example"
          ]
        }
      ]
    },
    {
      "mode": "managed",
      "type": "azurerm_resource_group",
      "name": "example",
      "provider": "provider[\"registry.terraform.io/hashicorp/azurerm\"]",
      "instances": [
        {
          "schema_version": 0,
          "attributes": {
            "id": "/subscriptions/73e77275-cd35-410e-9826-1cac36384eea/resourceGroups/tmp-spring-petclinic",
            "location": "eastus",
            "name": "tmp-spring-petclinic",
            "tags": {
              "Terraform": "true"
            },
            "timeouts": null
          },
          "sensitive_attributes": [],
          "private": "eyJlMmJmYjczMC1lY2FhLTExZTYtOGY4OC0zNDM2M2JjN2M0YzAiOnsiY3JlYXRlIjo1NDAwMDAwMDAwMDAwLCJkZWxldGUiOjU0MDAwMDAwMDAwMDAsInJlYWQiOjMwMDAwMDAwMDAwMCwidXBkYXRlIjo1NDAwMDAwMDAwMDAwfX0="
        }
      ]
    }
  ]
}
